
Microsoft Visual Studio Solution File, Format Version 12.00
# Visual Studio Version 17
VisualStudioVersion = 17.0.31903.59
MinimumVisualStudioVersion = 10.0.40219.1
Project("{2150E333-8FDC-42A3-9474-1A3956D46DE8}") = "00. Solution Items", "00. Solution Items", "{9FA3D6BD-1EC1-3BA5-80CB-CE02773A58D5}"
	ProjectSection(SolutionItems) = preProject
		Directory.Build.props = Directory.Build.props
		Directory.Build.targets = Directory.Build.targets
		Directory.Packages.props = Directory.Packages.props
	EndProjectSection
EndProject
Project("{2150E333-8FDC-42A3-9474-1A3956D46DE8}") = "00. Build", "00. Build", "{02EA681E-C7D8-13C7-8484-4AC65E1B71E8}"
	ProjectSection(SolutionItems) = preProject
		..\Build\Common.Build.props = ..\Build\Common.Build.props
		..\Build\Common.Packages.props = ..\Build\Common.Packages.props
	EndProjectSection
EndProject
Project("{2150E333-8FDC-42A3-9474-1A3956D46DE8}") = "01. Format", "01. Format", "{C7C88F90-FE85-4AA7-9B96-1DF5815AD6AF}"
	ProjectSection(SolutionItems) = preProject
		..\Build\.csharpierrc.json = ..\Build\.csharpierrc.json
		..\Build\.editorconfig = ..\Build\.editorconfig
		..\Build\ignored-misspelling.dic = ..\Build\ignored-misspelling.dic
		..\Build\Settings.XamlStyler = ..\Build\Settings.XamlStyler
	EndProjectSection
EndProject
Project("{2150E333-8FDC-42A3-9474-1A3956D46DE8}") = "02. Git", "02. Git", "{8D01199E-4734-44A2-B579-57A3935DAF48}"
	ProjectSection(SolutionItems) = preProject
		..\Build\.gitattributes = ..\Build\.gitattributes
		..\Build\.gitignore = ..\Build\.gitignore
		..\.gitmodules = ..\.gitmodules
		..\Build\LICENSE.txt = ..\Build\LICENSE.txt
		..\README.md = ..\README.md
	EndProjectSection
EndProject
Project("{2150E333-8FDC-42A3-9474-1A3956D46DE8}") = "01. Utilities", "01. Utilities", "{1DF0E4DE-E32F-45F3-BCC1-DC44CA55B261}"
EndProject
Project("{2150E333-8FDC-42A3-9474-1A3956D46DE8}") = "02. Databases", "02. Databases", "{A2B1F834-556E-4876-9467-6ACA321A0167}"
EndProject
Project("{2150E333-8FDC-42A3-9474-1A3956D46DE8}") = "03. Cores", "03. Cores", "{D3AED773-BC94-4BD7-8748-46F572444BA0}"
EndProject
Project("{FAE04EC0-301F-11D3-BF4B-00C04F79EFBC}") = "Net.Utilities", "Utilities\Net.Utilities\Net.Utilities.csproj", "{ABC18A9F-3E66-24D5-210F-053453FF2D9D}"
EndProject
Project("{FAE04EC0-301F-11D3-BF4B-00C04F79EFBC}") = "Net.Utilities.Nlog", "Utilities\Net.Utilities.Nlog\Net.Utilities.Nlog.csproj", "{4C82096A-3D44-055B-0C99-E3B803D70703}"
EndProject
Project("{FAE04EC0-301F-11D3-BF4B-00C04F79EFBC}") = "Net.Utilities.Roslyn.Build", "Utilities\Net.Utilities.Roslyn.Build\Net.Utilities.Roslyn.Build.csproj", "{B67A6309-79D7-181C-39A0-431FB6AB5102}"
EndProject
Project("{FAE04EC0-301F-11D3-BF4B-00C04F79EFBC}") = "Net.Utilities.WPF", "Utilities\Net.Utilities.WPF\Net.Utilities.WPF.csproj", "{B44CC8F9-46CF-5DAB-2B02-CE83CF268807}"
EndProject
Project("{FAE04EC0-301F-11D3-BF4B-00C04F79EFBC}") = "Net.Utilities.WPF.MVVM", "Utilities\Net.Utilities.WPF.MVVM\Net.Utilities.WPF.MVVM.csproj", "{73200675-8D55-685B-A50F-3AC2D03DF326}"
EndProject
Project("{FAE04EC0-301F-11D3-BF4B-00C04F79EFBC}") = "WPF.CanvasViewer", "Utilities\WPF.CanvasViewer\WPF.CanvasViewer.csproj", "{99DB8016-997C-1882-0FB5-5FD2602343C2}"
EndProject
Project("{FAE04EC0-301F-11D3-BF4B-00C04F79EFBC}") = "WPF.CustomControl", "WPF.CustomControl\WPF.CustomControl.csproj", "{B939D5FE-2674-CD0C-0761-72234953A59F}"
EndProject
Project("{FAE04EC0-301F-11D3-BF4B-00C04F79EFBC}") = "Local.NoSQL.DB.Providers", "Databases\Local.NoSQL.DB.Providers\Local.NoSQL.DB.Providers.csproj", "{60BDA5CA-60ED-6BA1-54C4-1190154BAA9E}"
EndProject
Project("{FAE04EC0-301F-11D3-BF4B-00C04F79EFBC}") = "Local.SQL.DB.Providers", "Databases\Local.SQL.DB.Providers\Local.SQL.DB.Providers.csproj", "{67EA97BD-D495-B104-6200-413DA8049652}"
EndProject
Project("{FAE04EC0-301F-11D3-BF4B-00C04F79EFBC}") = "Core.Models", "Cores\Core.Models\Core.Models.csproj", "{44AC6B8D-F14C-3738-50B4-69E943D90BD9}"
EndProject
Project("{FAE04EC0-301F-11D3-BF4B-00C04F79EFBC}") = "Core.Services", "Cores\Core.Services\Core.Services.csproj", "{76D52862-D96B-AE38-5F45-4A2578799A29}"
EndProject
Project("{FAE04EC0-301F-11D3-BF4B-00C04F79EFBC}") = "Core.Wcf", "Cores\Core.Wcf\Core.Wcf.csproj", "{1D79BB97-EB11-E435-39E8-2E8E4C3547A7}"
EndProject
Project("{FAE04EC0-301F-11D3-BF4B-00C04F79EFBC}") = "Cuga-Calibration-Solution", "Cuga-Calibration-Solution\Cuga-Calibration-Solution.csproj", "{53793093-4144-6532-C25B-55ADC012D05D}"
EndProject
Project("{FAE04EC0-301F-11D3-BF4B-00C04F79EFBC}") = "Cuga-Calibration-Test", "Cuga-Calibration-Test\Cuga-Calibration-Test.csproj", "{00FAF026-7DC4-2142-AD5C-A8DDEBF3667B}"
EndProject
Project("{FAE04EC0-301F-11D3-BF4B-00C04F79EFBC}") = "Cuga-Calibration-Unit-Test", "Cuga-Calibration-Unit-Test\Cuga-Calibration-Unit-Test.csproj", "{2CBC2640-6D60-4545-A0DD-2C7483AF6922}"
EndProject
Global
	GlobalSection(SolutionConfigurationPlatforms) = preSolution
		Debug|Any CPU = Debug|Any CPU
		Release|Any CPU = Release|Any CPU
	EndGlobalSection
	GlobalSection(ProjectConfigurationPlatforms) = postSolution
		{ABC18A9F-3E66-24D5-210F-053453FF2D9D}.Debug|Any CPU.ActiveCfg = Debug|Any CPU
		{ABC18A9F-3E66-24D5-210F-053453FF2D9D}.Debug|Any CPU.Build.0 = Debug|Any CPU
		{ABC18A9F-3E66-24D5-210F-053453FF2D9D}.Release|Any CPU.ActiveCfg = Release|Any CPU
		{ABC18A9F-3E66-24D5-210F-053453FF2D9D}.Release|Any CPU.Build.0 = Release|Any CPU
		{4C82096A-3D44-055B-0C99-E3B803D70703}.Debug|Any CPU.ActiveCfg = Debug|Any CPU
		{4C82096A-3D44-055B-0C99-E3B803D70703}.Debug|Any CPU.Build.0 = Debug|Any CPU
		{4C82096A-3D44-055B-0C99-E3B803D70703}.Release|Any CPU.ActiveCfg = Release|Any CPU
		{4C82096A-3D44-055B-0C99-E3B803D70703}.Release|Any CPU.Build.0 = Release|Any CPU
		{B67A6309-79D7-181C-39A0-431FB6AB5102}.Debug|Any CPU.ActiveCfg = Debug|Any CPU
		{B67A6309-79D7-181C-39A0-431FB6AB5102}.Debug|Any CPU.Build.0 = Debug|Any CPU
		{B67A6309-79D7-181C-39A0-431FB6AB5102}.Release|Any CPU.ActiveCfg = Release|Any CPU
		{B67A6309-79D7-181C-39A0-431FB6AB5102}.Release|Any CPU.Build.0 = Release|Any CPU
		{B44CC8F9-46CF-5DAB-2B02-CE83CF268807}.Debug|Any CPU.ActiveCfg = Debug|Any CPU
		{B44CC8F9-46CF-5DAB-2B02-CE83CF268807}.Debug|Any CPU.Build.0 = Debug|Any CPU
		{B44CC8F9-46CF-5DAB-2B02-CE83CF268807}.Release|Any CPU.ActiveCfg = Release|Any CPU
		{B44CC8F9-46CF-5DAB-2B02-CE83CF268807}.Release|Any CPU.Build.0 = Release|Any CPU
		{73200675-8D55-685B-A50F-3AC2D03DF326}.Debug|Any CPU.ActiveCfg = Debug|Any CPU
		{73200675-8D55-685B-A50F-3AC2D03DF326}.Debug|Any CPU.Build.0 = Debug|Any CPU
		{73200675-8D55-685B-A50F-3AC2D03DF326}.Release|Any CPU.ActiveCfg = Release|Any CPU
		{73200675-8D55-685B-A50F-3AC2D03DF326}.Release|Any CPU.Build.0 = Release|Any CPU
		{99DB8016-997C-1882-0FB5-5FD2602343C2}.Debug|Any CPU.ActiveCfg = Debug|Any CPU
		{99DB8016-997C-1882-0FB5-5FD2602343C2}.Debug|Any CPU.Build.0 = Debug|Any CPU
		{99DB8016-997C-1882-0FB5-5FD2602343C2}.Release|Any CPU.ActiveCfg = Release|Any CPU
		{99DB8016-997C-1882-0FB5-5FD2602343C2}.Release|Any CPU.Build.0 = Release|Any CPU
		{B939D5FE-2674-CD0C-0761-72234953A59F}.Debug|Any CPU.ActiveCfg = Debug|Any CPU
		{B939D5FE-2674-CD0C-0761-72234953A59F}.Debug|Any CPU.Build.0 = Debug|Any CPU
		{B939D5FE-2674-CD0C-0761-72234953A59F}.Release|Any CPU.ActiveCfg = Release|Any CPU
		{B939D5FE-2674-CD0C-0761-72234953A59F}.Release|Any CPU.Build.0 = Release|Any CPU
		{60BDA5CA-60ED-6BA1-54C4-1190154BAA9E}.Debug|Any CPU.ActiveCfg = Debug|Any CPU
		{60BDA5CA-60ED-6BA1-54C4-1190154BAA9E}.Debug|Any CPU.Build.0 = Debug|Any CPU
		{60BDA5CA-60ED-6BA1-54C4-1190154BAA9E}.Release|Any CPU.ActiveCfg = Release|Any CPU
		{60BDA5CA-60ED-6BA1-54C4-1190154BAA9E}.Release|Any CPU.Build.0 = Release|Any CPU
		{67EA97BD-D495-B104-6200-413DA8049652}.Debug|Any CPU.ActiveCfg = Debug|Any CPU
		{67EA97BD-D495-B104-6200-413DA8049652}.Debug|Any CPU.Build.0 = Debug|Any CPU
		{67EA97BD-D495-B104-6200-413DA8049652}.Release|Any CPU.ActiveCfg = Release|Any CPU
		{67EA97BD-D495-B104-6200-413DA8049652}.Release|Any CPU.Build.0 = Release|Any CPU
		{44AC6B8D-F14C-3738-50B4-69E943D90BD9}.Debug|Any CPU.ActiveCfg = Debug|Any CPU
		{44AC6B8D-F14C-3738-50B4-69E943D90BD9}.Debug|Any CPU.Build.0 = Debug|Any CPU
		{44AC6B8D-F14C-3738-50B4-69E943D90BD9}.Release|Any CPU.ActiveCfg = Release|Any CPU
		{44AC6B8D-F14C-3738-50B4-69E943D90BD9}.Release|Any CPU.Build.0 = Release|Any CPU
		{76D52862-D96B-AE38-5F45-4A2578799A29}.Debug|Any CPU.ActiveCfg = Debug|Any CPU
		{76D52862-D96B-AE38-5F45-4A2578799A29}.Debug|Any CPU.Build.0 = Debug|Any CPU
		{76D52862-D96B-AE38-5F45-4A2578799A29}.Release|Any CPU.ActiveCfg = Release|Any CPU
		{76D52862-D96B-AE38-5F45-4A2578799A29}.Release|Any CPU.Build.0 = Release|Any CPU
		{1D79BB97-EB11-E435-39E8-2E8E4C3547A7}.Debug|Any CPU.ActiveCfg = Debug|Any CPU
		{1D79BB97-EB11-E435-39E8-2E8E4C3547A7}.Debug|Any CPU.Build.0 = Debug|Any CPU
		{1D79BB97-EB11-E435-39E8-2E8E4C3547A7}.Release|Any CPU.ActiveCfg = Release|Any CPU
		{1D79BB97-EB11-E435-39E8-2E8E4C3547A7}.Release|Any CPU.Build.0 = Release|Any CPU
		{53793093-4144-6532-C25B-55ADC012D05D}.Debug|Any CPU.ActiveCfg = Debug|Any CPU
		{53793093-4144-6532-C25B-55ADC012D05D}.Debug|Any CPU.Build.0 = Debug|Any CPU
		{53793093-4144-6532-C25B-55ADC012D05D}.Release|Any CPU.ActiveCfg = Release|Any CPU
		{53793093-4144-6532-C25B-55ADC012D05D}.Release|Any CPU.Build.0 = Release|Any CPU
		{00FAF026-7DC4-2142-AD5C-A8DDEBF3667B}.Debug|Any CPU.ActiveCfg = Debug|Any CPU
		{00FAF026-7DC4-2142-AD5C-A8DDEBF3667B}.Debug|Any CPU.Build.0 = Debug|Any CPU
		{00FAF026-7DC4-2142-AD5C-A8DDEBF3667B}.Release|Any CPU.ActiveCfg = Release|Any CPU
		{00FAF026-7DC4-2142-AD5C-A8DDEBF3667B}.Release|Any CPU.Build.0 = Release|Any CPU
		{2CBC2640-6D60-4545-A0DD-2C7483AF6922}.Debug|Any CPU.ActiveCfg = Debug|Any CPU
		{2CBC2640-6D60-4545-A0DD-2C7483AF6922}.Debug|Any CPU.Build.0 = Debug|Any CPU
		{2CBC2640-6D60-4545-A0DD-2C7483AF6922}.Release|Any CPU.ActiveCfg = Release|Any CPU
		{2CBC2640-6D60-4545-A0DD-2C7483AF6922}.Release|Any CPU.Build.0 = Release|Any CPU
	EndGlobalSection
	GlobalSection(SolutionProperties) = preSolution
		HideSolutionNode = FALSE
	EndGlobalSection
	GlobalSection(NestedProjects) = preSolution
		{02EA681E-C7D8-13C7-8484-4AC65E1B71E8} = {9FA3D6BD-1EC1-3BA5-80CB-CE02773A58D5}
		{C7C88F90-FE85-4AA7-9B96-1DF5815AD6AF} = {9FA3D6BD-1EC1-3BA5-80CB-CE02773A58D5}
		{8D01199E-4734-44A2-B579-57A3935DAF48} = {9FA3D6BD-1EC1-3BA5-80CB-CE02773A58D5}
		{ABC18A9F-3E66-24D5-210F-053453FF2D9D} = {1DF0E4DE-E32F-45F3-BCC1-DC44CA55B261}
		{4C82096A-3D44-055B-0C99-E3B803D70703} = {1DF0E4DE-E32F-45F3-BCC1-DC44CA55B261}
		{B67A6309-79D7-181C-39A0-431FB6AB5102} = {1DF0E4DE-E32F-45F3-BCC1-DC44CA55B261}
		{B44CC8F9-46CF-5DAB-2B02-CE83CF268807} = {1DF0E4DE-E32F-45F3-BCC1-DC44CA55B261}
		{73200675-8D55-685B-A50F-3AC2D03DF326} = {1DF0E4DE-E32F-45F3-BCC1-DC44CA55B261}
		{99DB8016-997C-1882-0FB5-5FD2602343C2} = {1DF0E4DE-E32F-45F3-BCC1-DC44CA55B261}
		{B939D5FE-2674-CD0C-0761-72234953A59F} = {1DF0E4DE-E32F-45F3-BCC1-DC44CA55B261}
		{60BDA5CA-60ED-6BA1-54C4-1190154BAA9E} = {A2B1F834-556E-4876-9467-6ACA321A0167}
		{67EA97BD-D495-B104-6200-413DA8049652} = {A2B1F834-556E-4876-9467-6ACA321A0167}
		{44AC6B8D-F14C-3738-50B4-69E943D90BD9} = {D3AED773-BC94-4BD7-8748-46F572444BA0}
		{76D52862-D96B-AE38-5F45-4A2578799A29} = {D3AED773-BC94-4BD7-8748-46F572444BA0}
		{1D79BB97-EB11-E435-39E8-2E8E4C3547A7} = {D3AED773-BC94-4BD7-8748-46F572444BA0}
	EndGlobalSection
	GlobalSection(ExtensibilityGlobals) = postSolution
		SolutionGuid = {E2DCE64F-7B44-4031-95B1-2B3FA9969067}
	EndGlobalSection
EndGlobal
