
Microsoft Visual Studio Solution File, Format Version 12.00
# Visual Studio Version 17
VisualStudioVersion = 17.9.34607.119
MinimumVisualStudioVersion = 10.0.40219.1
Project("{2150E333-8FDC-42A3-9474-1A3956D46DE8}") = "00. Solution Items", "00. Solution Items", "{BC75858C-1EDD-454A-B26F-3C390A6B4463}"
	ProjectSection(SolutionItems) = preProject
		Directory.Build.props = Directory.Build.props
		Directory.Packages.props = Directory.Packages.props
	EndProjectSection
EndProject
Project("{2150E333-8FDC-42A3-9474-1A3956D46DE8}") = "Format", "Format", "{65637B70-40B5-42B1-81FC-18F76262097B}"
	ProjectSection(SolutionItems) = preProject
		.csharpierrc.json = .csharpierrc.json
		.editorconfig = .editorconfig
		Cuga-Calibration-Solution.sln.DotSettings = Cuga-Calibration-Solution.sln.DotSettings
		ignored-misspelling.dic = ignored-misspelling.dic
		Settings.XamlStyler = Settings.XamlStyler
	EndProjectSection
EndProject
Project("{9A19103F-16F7-4668-BE54-9A1E7A4F7556}") = "SourceGenerator.AssemblyMetadata", "SourceGenerators\SourceGenerator.AssemblyMetadata\SourceGenerator.AssemblyMetadata.csproj", "{A236F0E7-5EA8-4EAE-86C5-9E7C886C5774}"
EndProject
Project("{9A19103F-16F7-4668-BE54-9A1E7A4F7556}") = "SourceGenerator.InjectHostDI", "SourceGenerators\SourceGenerator.InjectHostDI\SourceGenerator.InjectHostDI.csproj", "{E23D75E8-A1E9-47F9-AA58-E8884AFF745C}"
EndProject
Global
	GlobalSection(SolutionConfigurationPlatforms) = preSolution
		Debug|Any CPU = Debug|Any CPU
		Release|Any CPU = Release|Any CPU
	EndGlobalSection
	GlobalSection(ProjectConfigurationPlatforms) = postSolution
		{A236F0E7-5EA8-4EAE-86C5-9E7C886C5774}.Debug|Any CPU.ActiveCfg = Debug|Any CPU
		{A236F0E7-5EA8-4EAE-86C5-9E7C886C5774}.Debug|Any CPU.Build.0 = Debug|Any CPU
		{A236F0E7-5EA8-4EAE-86C5-9E7C886C5774}.Release|Any CPU.ActiveCfg = Release|Any CPU
		{A236F0E7-5EA8-4EAE-86C5-9E7C886C5774}.Release|Any CPU.Build.0 = Release|Any CPU
		{E23D75E8-A1E9-47F9-AA58-E8884AFF745C}.Debug|Any CPU.ActiveCfg = Debug|Any CPU
		{E23D75E8-A1E9-47F9-AA58-E8884AFF745C}.Debug|Any CPU.Build.0 = Debug|Any CPU
		{E23D75E8-A1E9-47F9-AA58-E8884AFF745C}.Release|Any CPU.ActiveCfg = Release|Any CPU
		{E23D75E8-A1E9-47F9-AA58-E8884AFF745C}.Release|Any CPU.Build.0 = Release|Any CPU
	EndGlobalSection
	GlobalSection(SolutionProperties) = preSolution
		HideSolutionNode = FALSE
	EndGlobalSection
	GlobalSection(NestedProjects) = preSolution
		{65637B70-40B5-42B1-81FC-18F76262097B} = {BC75858C-1EDD-454A-B26F-3C390A6B4463}
	EndGlobalSection
	GlobalSection(ExtensibilityGlobals) = postSolution
		SolutionGuid = {39227A1E-AE6A-4438-8FCF-D31CA4AD592E}
	EndGlobalSection
EndGlobal
