
Microsoft Visual Studio Solution File, Format Version 12.00
# Visual Studio Version 17
VisualStudioVersion = 17.9.34607.119
MinimumVisualStudioVersion = 10.0.40219.1
Project("{2150E333-8FDC-42A3-9474-1A3956D46DE8}") = "00. Solution Items", "00. Solution Items", "{BC75858C-1EDD-454A-B26F-3C390A6B4463}"
	ProjectSection(SolutionItems) = preProject
		Directory.Build.props = Directory.Build.props
		Directory.Packages.props = Directory.Packages.props
	EndProjectSection
EndProject
Project("{2150E333-8FDC-42A3-9474-1A3956D46DE8}") = "Markdown", "Markdown", "{DEAAA599-05D1-4CE3-AAEE-7CEA20EDFD88}"
	ProjectSection(SolutionItems) = preProject
		Documents\Cuga校准文件.md = Documents\Cuga校准文件.md
		README.md = README.md
		Documents\Cuga-Calibration-Solution2.0发布助手\Version.md = Documents\Cuga-Calibration-Solution2.0发布助手\Version.md
		Documents\对准培训.md = Documents\对准培训.md
	EndProjectSection
EndProject
Project("{2150E333-8FDC-42A3-9474-1A3956D46DE8}") = "Shell", "Shell", "{54325BF7-0F0E-48AD-99A2-B9698ED75BD3}"
	ProjectSection(SolutionItems) = preProject
		Documents\Cuga-Calibration-Solution2.0发布助手\cuga_calibration_solution-debug-production_publisher.bat = Documents\Cuga-Calibration-Solution2.0发布助手\cuga_calibration_solution-debug-production_publisher.bat
		Documents\Cuga-Calibration-Solution2.0发布助手\cuga_calibration_solution-production_publisher.bat = Documents\Cuga-Calibration-Solution2.0发布助手\cuga_calibration_solution-production_publisher.bat
		Documents\Cuga-Calibration-Solution2.0发布助手\cuga_calibration_solution-simulator_publisher.bat = Documents\Cuga-Calibration-Solution2.0发布助手\cuga_calibration_solution-simulator_publisher.bat
	EndProjectSection
EndProject
Project("{2150E333-8FDC-42A3-9474-1A3956D46DE8}") = "Format", "Format", "{65637B70-40B5-42B1-81FC-18F76262097B}"
	ProjectSection(SolutionItems) = preProject
		.csharpierrc.json = .csharpierrc.json
		.editorconfig = .editorconfig
		Cuga-Calibration-Solution.sln.DotSettings = Cuga-Calibration-Solution.sln.DotSettings
		ignored-misspelling.dic = ignored-misspelling.dic
		Settings.XamlStyler = Settings.XamlStyler
	EndProjectSection
EndProject
Project("{2150E333-8FDC-42A3-9474-1A3956D46DE8}") = "01. Utilities", "01. Utilities", "{F441EEC8-786B-4C54-89FA-399C632900A0}"
EndProject
Project("{2150E333-8FDC-42A3-9474-1A3956D46DE8}") = "02. Databases", "02. Databases", "{F0014231-7EC4-4B02-8FCE-3D44A800FF4C}"
EndProject
Project("{2150E333-8FDC-42A3-9474-1A3956D46DE8}") = "03. Cores", "03. Cores", "{08DDA218-3A07-43C4-8C70-B0279F38E236}"
EndProject
Project("{9A19103F-16F7-4668-BE54-9A1E7A4F7556}") = "Net.Utilities", "Utilities\Net.Utilities\Net.Utilities.csproj", "{44690093-9E6A-48E6-849A-1C013F2F4744}"
EndProject
Project("{9A19103F-16F7-4668-BE54-9A1E7A4F7556}") = "Net.Utilities.Nlog", "Utilities\Net.Utilities.Nlog\Net.Utilities.Nlog.csproj", "{0BAB0846-4B01-4149-8E7B-925E66CADFB9}"
EndProject
Project("{9A19103F-16F7-4668-BE54-9A1E7A4F7556}") = "Net.Utilities.WPF", "Utilities\Net.Utilities.WPF\Net.Utilities.WPF.csproj", "{2C7E9028-8765-464C-997D-E90CBC5033D6}"
EndProject
Project("{9A19103F-16F7-4668-BE54-9A1E7A4F7556}") = "Net.Utilities.WPF.MVVM", "Utilities\Net.Utilities.WPF.MVVM\Net.Utilities.WPF.MVVM.csproj", "{925D2EB6-78E8-44EC-B497-D61D740724F2}"
EndProject
Project("{9A19103F-16F7-4668-BE54-9A1E7A4F7556}") = "WPF.CanvasViewer", "Utilities\WPF.CanvasViewer\WPF.CanvasViewer.csproj", "{17A95E15-E85E-4012-845A-774FCF9E74C0}"
EndProject
Project("{9A19103F-16F7-4668-BE54-9A1E7A4F7556}") = "Local.SQL.DB.Providers", "Databases\Local.SQL.DB.Providers\Local.SQL.DB.Providers.csproj", "{9F789BB2-9ED3-456B-9C06-1F75D0639A16}"
EndProject
Project("{9A19103F-16F7-4668-BE54-9A1E7A4F7556}") = "Core.Models", "Cores\Core.Models\Core.Models.csproj", "{81D5C38A-6709-480F-8FFF-E2DB9EA3E3A7}"
EndProject
Project("{9A19103F-16F7-4668-BE54-9A1E7A4F7556}") = "Core.Services", "Cores\Core.Services\Core.Services.csproj", "{CA37B91F-8A3C-4FAA-82F7-776063A75F11}"
EndProject
Project("{9A19103F-16F7-4668-BE54-9A1E7A4F7556}") = "Core.Wcf", "Cores\Core.Wcf\Core.Wcf.csproj", "{DCD9C217-1F51-4787-875A-7F300A33B30A}"
EndProject
Project("{9A19103F-16F7-4668-BE54-9A1E7A4F7556}") = "Cuga-Calibration-Solution", "Cuga-Calibration-Solution\Cuga-Calibration-Solution.csproj", "{2FA8FB16-C4B2-4BAD-ABE3-773E139ED390}"
EndProject
Project("{9A19103F-16F7-4668-BE54-9A1E7A4F7556}") = "Net.Utilities.Roslyn.Build", "Utilities\Net.Utilities.Roslyn.Build\Net.Utilities.Roslyn.Build.csproj", "{2484A8A1-A789-4E48-98B5-E7BCE320AE4F}"
EndProject
Project("{9A19103F-16F7-4668-BE54-9A1E7A4F7556}") = "WPF.CustomControl", "WPF.CustomControl\WPF.CustomControl.csproj", "{65F588A8-02CF-4454-BC6F-B97E9A9751D8}"
EndProject
Project("{9A19103F-16F7-4668-BE54-9A1E7A4F7556}") = "Local.NoSQL.DB.Providers", "Databases\Local.NoSQL.DB.Providers\Local.NoSQL.DB.Providers.csproj", "{B18B46D6-6939-49E5-9F34-49D326F45A5F}"
EndProject
Global
	GlobalSection(SolutionConfigurationPlatforms) = preSolution
		Debug|Any CPU = Debug|Any CPU
		Release|Any CPU = Release|Any CPU
	EndGlobalSection
	GlobalSection(ProjectConfigurationPlatforms) = postSolution
		{44690093-9E6A-48E6-849A-1C013F2F4744}.Debug|Any CPU.ActiveCfg = Debug|Any CPU
		{44690093-9E6A-48E6-849A-1C013F2F4744}.Debug|Any CPU.Build.0 = Debug|Any CPU
		{44690093-9E6A-48E6-849A-1C013F2F4744}.Release|Any CPU.ActiveCfg = Release|Any CPU
		{44690093-9E6A-48E6-849A-1C013F2F4744}.Release|Any CPU.Build.0 = Release|Any CPU
		{0BAB0846-4B01-4149-8E7B-925E66CADFB9}.Debug|Any CPU.ActiveCfg = Debug|Any CPU
		{0BAB0846-4B01-4149-8E7B-925E66CADFB9}.Debug|Any CPU.Build.0 = Debug|Any CPU
		{0BAB0846-4B01-4149-8E7B-925E66CADFB9}.Release|Any CPU.ActiveCfg = Release|Any CPU
		{0BAB0846-4B01-4149-8E7B-925E66CADFB9}.Release|Any CPU.Build.0 = Release|Any CPU
		{2C7E9028-8765-464C-997D-E90CBC5033D6}.Debug|Any CPU.ActiveCfg = Debug|Any CPU
		{2C7E9028-8765-464C-997D-E90CBC5033D6}.Debug|Any CPU.Build.0 = Debug|Any CPU
		{2C7E9028-8765-464C-997D-E90CBC5033D6}.Release|Any CPU.ActiveCfg = Release|Any CPU
		{2C7E9028-8765-464C-997D-E90CBC5033D6}.Release|Any CPU.Build.0 = Release|Any CPU
		{925D2EB6-78E8-44EC-B497-D61D740724F2}.Debug|Any CPU.ActiveCfg = Debug|Any CPU
		{925D2EB6-78E8-44EC-B497-D61D740724F2}.Debug|Any CPU.Build.0 = Debug|Any CPU
		{925D2EB6-78E8-44EC-B497-D61D740724F2}.Release|Any CPU.ActiveCfg = Release|Any CPU
		{925D2EB6-78E8-44EC-B497-D61D740724F2}.Release|Any CPU.Build.0 = Release|Any CPU
		{17A95E15-E85E-4012-845A-774FCF9E74C0}.Debug|Any CPU.ActiveCfg = Debug|Any CPU
		{17A95E15-E85E-4012-845A-774FCF9E74C0}.Debug|Any CPU.Build.0 = Debug|Any CPU
		{17A95E15-E85E-4012-845A-774FCF9E74C0}.Release|Any CPU.ActiveCfg = Release|Any CPU
		{17A95E15-E85E-4012-845A-774FCF9E74C0}.Release|Any CPU.Build.0 = Release|Any CPU
		{9F789BB2-9ED3-456B-9C06-1F75D0639A16}.Debug|Any CPU.ActiveCfg = Debug|Any CPU
		{9F789BB2-9ED3-456B-9C06-1F75D0639A16}.Debug|Any CPU.Build.0 = Debug|Any CPU
		{9F789BB2-9ED3-456B-9C06-1F75D0639A16}.Release|Any CPU.ActiveCfg = Release|Any CPU
		{9F789BB2-9ED3-456B-9C06-1F75D0639A16}.Release|Any CPU.Build.0 = Release|Any CPU
		{81D5C38A-6709-480F-8FFF-E2DB9EA3E3A7}.Debug|Any CPU.ActiveCfg = Debug|Any CPU
		{81D5C38A-6709-480F-8FFF-E2DB9EA3E3A7}.Debug|Any CPU.Build.0 = Debug|Any CPU
		{81D5C38A-6709-480F-8FFF-E2DB9EA3E3A7}.Release|Any CPU.ActiveCfg = Release|Any CPU
		{81D5C38A-6709-480F-8FFF-E2DB9EA3E3A7}.Release|Any CPU.Build.0 = Release|Any CPU
		{CA37B91F-8A3C-4FAA-82F7-776063A75F11}.Debug|Any CPU.ActiveCfg = Debug|Any CPU
		{CA37B91F-8A3C-4FAA-82F7-776063A75F11}.Debug|Any CPU.Build.0 = Debug|Any CPU
		{CA37B91F-8A3C-4FAA-82F7-776063A75F11}.Release|Any CPU.ActiveCfg = Release|Any CPU
		{CA37B91F-8A3C-4FAA-82F7-776063A75F11}.Release|Any CPU.Build.0 = Release|Any CPU
		{DCD9C217-1F51-4787-875A-7F300A33B30A}.Debug|Any CPU.ActiveCfg = Debug|Any CPU
		{DCD9C217-1F51-4787-875A-7F300A33B30A}.Debug|Any CPU.Build.0 = Debug|Any CPU
		{DCD9C217-1F51-4787-875A-7F300A33B30A}.Release|Any CPU.ActiveCfg = Release|Any CPU
		{DCD9C217-1F51-4787-875A-7F300A33B30A}.Release|Any CPU.Build.0 = Release|Any CPU
		{2FA8FB16-C4B2-4BAD-ABE3-773E139ED390}.Debug|Any CPU.ActiveCfg = Debug|Any CPU
		{2FA8FB16-C4B2-4BAD-ABE3-773E139ED390}.Debug|Any CPU.Build.0 = Debug|Any CPU
		{2FA8FB16-C4B2-4BAD-ABE3-773E139ED390}.Release|Any CPU.ActiveCfg = Release|Any CPU
		{2FA8FB16-C4B2-4BAD-ABE3-773E139ED390}.Release|Any CPU.Build.0 = Release|Any CPU
		{2484A8A1-A789-4E48-98B5-E7BCE320AE4F}.Debug|Any CPU.ActiveCfg = Debug|Any CPU
		{2484A8A1-A789-4E48-98B5-E7BCE320AE4F}.Debug|Any CPU.Build.0 = Debug|Any CPU
		{2484A8A1-A789-4E48-98B5-E7BCE320AE4F}.Release|Any CPU.ActiveCfg = Release|Any CPU
		{2484A8A1-A789-4E48-98B5-E7BCE320AE4F}.Release|Any CPU.Build.0 = Release|Any CPU
		{65F588A8-02CF-4454-BC6F-B97E9A9751D8}.Debug|Any CPU.ActiveCfg = Debug|Any CPU
		{65F588A8-02CF-4454-BC6F-B97E9A9751D8}.Debug|Any CPU.Build.0 = Debug|Any CPU
		{65F588A8-02CF-4454-BC6F-B97E9A9751D8}.Release|Any CPU.ActiveCfg = Release|Any CPU
		{65F588A8-02CF-4454-BC6F-B97E9A9751D8}.Release|Any CPU.Build.0 = Release|Any CPU
		{B18B46D6-6939-49E5-9F34-49D326F45A5F}.Debug|Any CPU.ActiveCfg = Debug|Any CPU
		{B18B46D6-6939-49E5-9F34-49D326F45A5F}.Debug|Any CPU.Build.0 = Debug|Any CPU
		{B18B46D6-6939-49E5-9F34-49D326F45A5F}.Release|Any CPU.ActiveCfg = Release|Any CPU
		{B18B46D6-6939-49E5-9F34-49D326F45A5F}.Release|Any CPU.Build.0 = Release|Any CPU
	EndGlobalSection
	GlobalSection(SolutionProperties) = preSolution
		HideSolutionNode = FALSE
	EndGlobalSection
	GlobalSection(NestedProjects) = preSolution
		{DEAAA599-05D1-4CE3-AAEE-7CEA20EDFD88} = {BC75858C-1EDD-454A-B26F-3C390A6B4463}
		{54325BF7-0F0E-48AD-99A2-B9698ED75BD3} = {BC75858C-1EDD-454A-B26F-3C390A6B4463}
		{65637B70-40B5-42B1-81FC-18F76262097B} = {BC75858C-1EDD-454A-B26F-3C390A6B4463}
		{44690093-9E6A-48E6-849A-1C013F2F4744} = {F441EEC8-786B-4C54-89FA-399C632900A0}
		{0BAB0846-4B01-4149-8E7B-925E66CADFB9} = {F441EEC8-786B-4C54-89FA-399C632900A0}
		{2C7E9028-8765-464C-997D-E90CBC5033D6} = {F441EEC8-786B-4C54-89FA-399C632900A0}
		{925D2EB6-78E8-44EC-B497-D61D740724F2} = {F441EEC8-786B-4C54-89FA-399C632900A0}
		{17A95E15-E85E-4012-845A-774FCF9E74C0} = {F441EEC8-786B-4C54-89FA-399C632900A0}
		{9F789BB2-9ED3-456B-9C06-1F75D0639A16} = {F0014231-7EC4-4B02-8FCE-3D44A800FF4C}
		{81D5C38A-6709-480F-8FFF-E2DB9EA3E3A7} = {08DDA218-3A07-43C4-8C70-B0279F38E236}
		{CA37B91F-8A3C-4FAA-82F7-776063A75F11} = {08DDA218-3A07-43C4-8C70-B0279F38E236}
		{DCD9C217-1F51-4787-875A-7F300A33B30A} = {08DDA218-3A07-43C4-8C70-B0279F38E236}
		{2484A8A1-A789-4E48-98B5-E7BCE320AE4F} = {F441EEC8-786B-4C54-89FA-399C632900A0}
		{65F588A8-02CF-4454-BC6F-B97E9A9751D8} = {F441EEC8-786B-4C54-89FA-399C632900A0}
		{B18B46D6-6939-49E5-9F34-49D326F45A5F} = {F0014231-7EC4-4B02-8FCE-3D44A800FF4C}
	EndGlobalSection
	GlobalSection(ExtensibilityGlobals) = postSolution
		SolutionGuid = {39227A1E-AE6A-4438-8FCF-D31CA4AD592E}
	EndGlobalSection
EndGlobal
