<Solution>
    <Folder Name="/00. Solution Items/">
        <File Path="Directory.Build.props" />
        <File Path="Directory.Build.targets" />
        <File Path="Directory.Packages.props" />
        <File Path="global.json" />
    </Folder>
    <Folder Name="/00. Solution Items/00. Build/">
        <File Path="../Build/Common.Build.props" />
        <File Path="../Build/Common.Build.targets" />
        <File Path="../Build/Common.Packages.props" />
        <File Path="../Build/Nuget.Build.props" />
        <File Path="../Build/XUnit.Build.props" />
        <File Path="../Build/Benchmark.Build.props" />
        <File Path="../Build/Nuget.png" />
    </Folder>
    <Folder Name="/00. Solution Items/01. Format/">
        <File Path="../Build/.editorconfig" />
        <File Path="../Build/.csharpierrc.json" />
        <File Path="../Build/Settings.XamlStyler" />
    </Folder>
    <Folder Name="/00. Solution Items/02. Git/">
        <File Path="../Build/.gitattributes" />
        <File Path="../Build/.gitignore" />
        <File Path="../Build/LICENSE.txt" />
        <File Path="../.gitmodules" />
        <File Path="../README.md" />
    </Folder>
    <Folder Name="/01. Net.Utilities/">
        <Project Path="Net.Utilities/Net.Utilities.Calibration/Net.Utilities.Calibration.csproj" />
        <Project Path="Net.Utilities/Net.Utilities.WPF.CustomControl.Calibration/Net.Utilities.WPF.CustomControl.Calibration.csproj" />
        <Project Path="Net.Utilities/Net.Utilities.SourceGenerators.Calibration/Net.Utilities.SourceGenerators.Calibration.csproj" />
    </Folder>
    <Folder Name="/02. Cores/">
        <Project Path="Cores/Core.Utilities.WPF/00. Core.Utilities.WPF.csproj" />
        <Project Path="Cores/Core.Wcf/01. Core.Wcf.csproj" />
        <Project Path="Cores/Core.Models/02. Core.Models.csproj" />
        <Project Path="Cores/Core.Services/03. Core.Services.csproj" />
        <Project Path="Cores/Core.Recipe/04. Core.Recipe.csproj" />
    </Folder>
    <Project Path="Cuga-Calibration-Solution/Cuga-Calibration-Solution.csproj" />
    <Project Path="Cuga-Calibration-Unit-Test/Cuga-Calibration-Unit-Test.csproj" />
</Solution>