<Solution>
    <Folder Name="/00. Solution Items/">
        <File Path="Directory.Build.props" />
        <File Path="Directory.Build.targets" />
        <File Path="Directory.Packages.props" />
    </Folder>
    <Folder Name="/00. Solution Items/00. Build/">
        <File Path="../Build/Common.Build.props" />
        <File Path="../Build/Common.Build.targets" />
        <File Path="../Build/Common.Packages.props" />
    </Folder>
    <Folder Name="/00. Solution Items/01. Format/">
        <File Path="../Build/.csharpierrc.json" />
        <File Path="../Build/.editorconfig" />
        <File Path="../Build/ignored-misspelling.dic" />
        <File Path="../Build/Settings.XamlStyler" />
    </Folder>
    <Folder Name="/00. Solution Items/02. Git/">
        <File Path="../Build/.gitattributes" />
        <File Path="../Build/.gitignore" />
        <File Path="../Build/LICENSE.txt" />
        <File Path="../.gitmodules" />
        <File Path="../README.md" />
    </Folder>
    <Folder Name="/01. Cores/">
        <Project Path="Cores/Core.Models/03. Core.Models.csproj" />
        <Project Path="Cores/Core.Services/04. Core.Services.csproj" />
        <Project Path="Cores/Core.SourceGenerators/Core.SourceGenerators.csproj" />
        <Project Path="Cores/Core.Utilities.WPF/01. Core.Utilities.WPF.csproj" />
        <Project Path="Cores/Core.Utilities/00. Core.Utilities.csproj" />
        <Project Path="Cores/Core.Wcf/02. Core.Wcf.csproj" />
    </Folder>
    <Project Path="Cuga-Calibration-Solution/Cuga-Calibration-Solution.csproj" />
    <Project Path="Cuga-Calibration-Test/Cuga-Calibration-Test.csproj" />
    <Project Path="Cuga-Calibration-Unit-Test/Cuga-Calibration-Unit-Test.csproj" />
</Solution>